
Microsoft Visual Studio Solution File, Format Version 12.00
# Visual Studio Version 17
VisualStudioVersion = 17.8.34408.163
MinimumVisualStudioVersion = 10.0.40219.1
Project("{FAE04EC0-301F-11D3-BF4B-00C04F79EFBC}") = "sortiranjeVozila", "sortiranjeVozila\sortiranjeVozila.csproj", "{D8DF41F7-B4C1-42EF-9210-EB7CC960F617}"
EndProject
Global
	GlobalSection(SolutionConfigurationPlatforms) = preSolution
		Debug|Any CPU = Debug|Any CPU
		Release|Any CPU = Release|Any CPU
	EndGlobalSection
	GlobalSection(ProjectConfigurationPlatforms) = postSolution
		{D8DF41F7-B4C1-42EF-9210-EB7CC960F617}.Debug|Any CPU.ActiveCfg = Debug|Any CPU
		{D8DF41F7-B4C1-42EF-9210-EB7CC960F617}.Debug|Any CPU.Build.0 = Debug|Any CPU
		{D8DF41F7-B4C1-42EF-9210-EB7CC960F617}.Release|Any CPU.ActiveCfg = Release|Any CPU
		{D8DF41F7-B4C1-42EF-9210-EB7CC960F617}.Release|Any CPU.Build.0 = Release|Any CPU
	EndGlobalSection
	GlobalSection(SolutionProperties) = preSolution
		HideSolutionNode = FALSE
	EndGlobalSection
	GlobalSection(ExtensibilityGlobals) = postSolution
		SolutionGuid = {DFBCE736-C1B0-4F51-B765-4BB48C741382}
	EndGlobalSection
EndGlobal
